{
    "_readme": [
        "This file locks the dependencies of your project to a known state",
        "Read more about it at https://getcomposer.org/doc/01-basic-usage.md#installing-dependencies",
        "This file is @generated automatically"
    ],
    "content-hash": "bc972acfa22274381fa278c4a0cccf51",
    "packages": [
        {
            "name": "lisongzhan/mycomposer",
            "version": "v1.5",
            "source": {
                "type": "git",
                "url": "https://github.com/lisongzhan/testdemo.git",
                "reference": "efc80144f92df3fdf4f60625461ba01cc40aa704"
            },
            "dist": {
                "type": "zip",
                "url": "https://api.github.com/repos/lisongzhan/testdemo/zipball/efc80144f92df3fdf4f60625461ba01cc40aa704",
                "reference": "efc80144f92df3fdf4f60625461ba01cc40aa704",
                "shasum": ""
            },
            "type": "project",
            "autoload": {
                "psr-4": {
                    "Lisongzhan\\Mycomposer\\": "src"
                }
            },
            "notification-url": "https://packagist.org/downloads/",
            "authors": [
                {
                    "name": "lisongzhan",
                    "email": "lisongzhan@yeah.net"
                }
            ],
            "description": "this is test",
            "time": "2019-07-13T08:56:12+00:00"
        }
    ],
    "packages-dev": [],
    "aliases": [],
    "minimum-stability": "stable",
    "stability-flags": [],
    "prefer-stable": false,
    "prefer-lowest": false,
    "platform": [],
    "platform-dev": []
}
